
Microsoft Visual Studio Solution File, Format Version 12.00
# Visual Studio Version 17
VisualStudioVersion = 17.13.35931.197 d17.13
MinimumVisualStudioVersion = 10.0.40219.1
Project("{FAE04EC0-301F-11D3-BF4B-00C04F79EFBC}") = "PowerImport", "PowerImport.csproj", "{9E1F581C-2EDB-4515-86FC-6729B827AE96}"
EndProject
Global
	GlobalSection(SolutionConfigurationPlatforms) = preSolution
		Debug|Any CPU = Debug|Any CPU
		Release|Any CPU = Release|Any CPU
	EndGlobalSection
	GlobalSection(ProjectConfigurationPlatforms) = postSolution
		{9E1F581C-2EDB-4515-86FC-6729B827AE96}.Debug|Any CPU.ActiveCfg = Debug|Any CPU
		{9E1F581C-2EDB-4515-86FC-6729B827AE96}.Debug|Any CPU.Build.0 = Debug|Any CPU
		{9E1F581C-2EDB-4515-86FC-6729B827AE96}.Release|Any CPU.ActiveCfg = Release|Any CPU
		{9E1F581C-2EDB-4515-86FC-6729B827AE96}.Release|Any CPU.Build.0 = Release|Any CPU
	EndGlobalSection
	GlobalSection(SolutionProperties) = preSolution
		HideSolutionNode = FALSE
	EndGlobalSection
	GlobalSection(ExtensibilityGlobals) = postSolution
		SolutionGuid = {8BAD4745-B99D-44F8-A615-261F1A4E29A3}
	EndGlobalSection
EndGlobal
